
Microsoft Visual Studio Solution File, Format Version 11.00
# Visual Studio 2010
Project("{FAE04EC0-301F-11D3-BF4B-00C04F79EFBC}") = "AutoMainTreeMaker", "AutoMainTreeMaker\AutoMainTreeMaker.csproj", "{00217E33-832B-45FF-AE02-3327C18D8550}"
EndProject
Global
	GlobalSection(SolutionConfigurationPlatforms) = preSolution
		Debug|x86 = Debug|x86
		Release|x86 = Release|x86
	EndGlobalSection
	GlobalSection(ProjectConfigurationPlatforms) = postSolution
		{00217E33-832B-45FF-AE02-3327C18D8550}.Debug|x86.ActiveCfg = Debug|x86
		{00217E33-832B-45FF-AE02-3327C18D8550}.Debug|x86.Build.0 = Debug|x86
		{00217E33-832B-45FF-AE02-3327C18D8550}.Release|x86.ActiveCfg = Release|x86
		{00217E33-832B-45FF-AE02-3327C18D8550}.Release|x86.Build.0 = Release|x86
	EndGlobalSection
	GlobalSection(SolutionProperties) = preSolution
		HideSolutionNode = FALSE
	EndGlobalSection
EndGlobal
